Microsoft Visual Studio Solution File, Format Version 12.00
# Visual Studio Version 17
VisualStudioVersion = 17.5.2.0
MinimumVisualStudioVersion = 10.0.40219.1
Project("{FAE04EC0-301F-11D3-BF4B-00C04F79EFBC}") = "InsuranceClaimsApi", "InsuranceClaimsApi.csproj", "{AA640D44-C3DC-0F6B-9C68-CAFDF89D3AF5}"
EndProject
Global
	GlobalSection(SolutionConfigurationPlatforms) = preSolution
		Debug|Any CPU = Debug|Any CPU
		Release|Any CPU = Release|Any CPU
	EndGlobalSection
	GlobalSection(ProjectConfigurationPlatforms) = postSolution
		{AA640D44-C3DC-0F6B-9C68-CAFDF89D3AF5}.Debug|Any CPU.ActiveCfg = Debug|Any CPU
		{AA640D44-C3DC-0F6B-9C68-CAFDF89D3AF5}.Debug|Any CPU.Build.0 = Debug|Any CPU
		{AA640D44-C3DC-0F6B-9C68-CAFDF89D3AF5}.Release|Any CPU.ActiveCfg = Release|Any CPU
		{AA640D44-C3DC-0F6B-9C68-CAFDF89D3AF5}.Release|Any CPU.Build.0 = Release|Any CPU
	EndGlobalSection
	GlobalSection(SolutionProperties) = preSolution
		HideSolutionNode = FALSE
	EndGlobalSection
	GlobalSection(ExtensibilityGlobals) = postSolution
		SolutionGuid = {7584446F-9BB8-4AA3-91A8-D1D5A439CA30}
	EndGlobalSection
EndGlobal
